
Microsoft Visual Studio Solution File, Format Version 12.00
# Visual Studio Version 17
VisualStudioVersion = 17.6.33829.357
MinimumVisualStudioVersion = 10.0.40219.1
Project("{54A90642-561A-4BB1-A94E-469ADEE60C69}") = "demetra", "Demetra\demetra.esproj", "{E02818EC-3579-4DC3-87F8-F6638665E5D6}"
EndProject
Global
	GlobalSection(SolutionConfigurationPlatforms) = preSolution
		Debug|Any CPU = Debug|Any CPU
		Release|Any CPU = Release|Any CPU
	EndGlobalSection
	GlobalSection(ProjectConfigurationPlatforms) = postSolution
		{E02818EC-3579-4DC3-87F8-F6638665E5D6}.Debug|Any CPU.ActiveCfg = Debug|Any CPU
		{E02818EC-3579-4DC3-87F8-F6638665E5D6}.Debug|Any CPU.Build.0 = Debug|Any CPU
		{E02818EC-3579-4DC3-87F8-F6638665E5D6}.Debug|Any CPU.Deploy.0 = Debug|Any CPU
		{E02818EC-3579-4DC3-87F8-F6638665E5D6}.Release|Any CPU.ActiveCfg = Release|Any CPU
		{E02818EC-3579-4DC3-87F8-F6638665E5D6}.Release|Any CPU.Build.0 = Release|Any CPU
		{E02818EC-3579-4DC3-87F8-F6638665E5D6}.Release|Any CPU.Deploy.0 = Release|Any CPU
	EndGlobalSection
	GlobalSection(SolutionProperties) = preSolution
		HideSolutionNode = FALSE
	EndGlobalSection
	GlobalSection(ExtensibilityGlobals) = postSolution
		SolutionGuid = {B677EB9D-E420-45E6-8394-FF872D5D79C8}
	EndGlobalSection
EndGlobal
